
Microsoft Visual Studio Solution File, Format Version 11.00
# Visual Studio 2010
Project("{FAE04EC0-301F-11D3-BF4B-00C04F79EFBC}") = "AdminCommands", "AdminCommands\AdminCommands.csproj", "{1CBB2C35-B7EE-4E8D-8F44-655D4C948D65}"
EndProject
Project("{FAE04EC0-301F-11D3-BF4B-00C04F79EFBC}") = "UnturnedTest", "UnturnedTest\UnturnedTest.csproj", "{05A7C246-D78A-4EE8-8E47-D120254615BD}"
EndProject
Project("{FAE04EC0-301F-11D3-BF4B-00C04F79EFBC}") = "Assembly-CSharp", "Assembly-CSharp\Assembly-CSharp.csproj", "{D48B790F-7AF2-4019-812D-0AF1A5140725}"
EndProject
Global
	GlobalSection(SolutionConfigurationPlatforms) = preSolution
		Debug|Any CPU = Debug|Any CPU
		Release|Any CPU = Release|Any CPU
	EndGlobalSection
	GlobalSection(ProjectConfigurationPlatforms) = postSolution
		{05A7C246-D78A-4EE8-8E47-D120254615BD}.Debug|Any CPU.ActiveCfg = Debug|Any CPU
		{05A7C246-D78A-4EE8-8E47-D120254615BD}.Debug|Any CPU.Build.0 = Debug|Any CPU
		{05A7C246-D78A-4EE8-8E47-D120254615BD}.Release|Any CPU.ActiveCfg = Release|Any CPU
		{05A7C246-D78A-4EE8-8E47-D120254615BD}.Release|Any CPU.Build.0 = Release|Any CPU
		{1CBB2C35-B7EE-4E8D-8F44-655D4C948D65}.Debug|Any CPU.ActiveCfg = Debug|Any CPU
		{1CBB2C35-B7EE-4E8D-8F44-655D4C948D65}.Debug|Any CPU.Build.0 = Debug|Any CPU
		{1CBB2C35-B7EE-4E8D-8F44-655D4C948D65}.Release|Any CPU.ActiveCfg = Release|Any CPU
		{1CBB2C35-B7EE-4E8D-8F44-655D4C948D65}.Release|Any CPU.Build.0 = Release|Any CPU
		{D48B790F-7AF2-4019-812D-0AF1A5140725}.Debug|Any CPU.ActiveCfg = Debug|Any CPU
		{D48B790F-7AF2-4019-812D-0AF1A5140725}.Debug|Any CPU.Build.0 = Debug|Any CPU
		{D48B790F-7AF2-4019-812D-0AF1A5140725}.Release|Any CPU.ActiveCfg = Release|Any CPU
		{D48B790F-7AF2-4019-812D-0AF1A5140725}.Release|Any CPU.Build.0 = Release|Any CPU
	EndGlobalSection
	GlobalSection(MonoDevelopProperties) = preSolution
		StartupItem = UnturnedTest\UnturnedTest.csproj
		Policies = $0
		$0.DotNetNamingPolicy = $1
		$1.DirectoryNamespaceAssociation = None
		$1.ResourceNamePolicy = FileFormatDefault
		$0.TextStylePolicy = $2
		$2.inheritsSet = VisualStudio
		$2.inheritsScope = text/plain
		$2.scope = text/x-csharp
		$0.CSharpFormattingPolicy = $3
		$3.IndentSwitchBody = True
		$3.IndentBlocksInsideExpressions = True
		$3.AnonymousMethodBraceStyle = NextLine
		$3.PropertyBraceStyle = NextLine
		$3.PropertyGetBraceStyle = NextLine
		$3.PropertySetBraceStyle = NextLine
		$3.EventBraceStyle = NextLine
		$3.EventAddBraceStyle = NextLine
		$3.EventRemoveBraceStyle = NextLine
		$3.StatementBraceStyle = NextLine
		$3.ElseNewLinePlacement = NewLine
		$3.CatchNewLinePlacement = NewLine
		$3.FinallyNewLinePlacement = NewLine
		$3.WhileNewLinePlacement = DoNotCare
		$3.ArrayInitializerWrapping = DoNotChange
		$3.ArrayInitializerBraceStyle = NextLine
		$3.BeforeMethodDeclarationParentheses = False
		$3.BeforeMethodCallParentheses = False
		$3.BeforeConstructorDeclarationParentheses = False
		$3.NewLineBeforeConstructorInitializerColon = NewLine
		$3.NewLineAfterConstructorInitializerColon = SameLine
		$3.BeforeDelegateDeclarationParentheses = False
		$3.NewParentheses = False
		$3.SpacesBeforeBrackets = False
		$3.inheritsSet = Mono
		$3.inheritsScope = text/x-csharp
		$3.scope = text/x-csharp
		$0.TextStylePolicy = $4
		$4.inheritsSet = VisualStudio
		$4.inheritsScope = text/plain
		$4.scope = text/plain
		$0.StandardHeader = $5
		$5.Text = 
		$5.IncludeInNewFiles = True
		$0.VersionControlPolicy = $6
		$6.inheritsSet = Mono
		$0.ChangeLogPolicy = $7
		$7.UpdateMode = None
		$7.MessageStyle = $8
		$8.LineAlign = 0
		$7.inheritsSet = Mono
		description = Unturned Game Recode
		version = 1.0
	EndGlobalSection
	GlobalSection(SolutionProperties) = preSolution
		HideSolutionNode = FALSE
	EndGlobalSection
EndGlobal
