
Microsoft Visual Studio Solution File, Format Version 12.00
# Visual Studio 2012
Project("{FAE04EC0-301F-11D3-BF4B-00C04F79EFBC}") = "UnturnedServer", "Assembly-CSharp\UnturnedServer.csproj", "{D48B790F-7AF2-4019-812D-0AF1A5140725}"
EndProject
Project("{FAE04EC0-301F-11D3-BF4B-00C04F79EFBC}") = "UnturnedShared", "UnturnedShared\UnturnedShared.csproj", "{CF2E2B66-951F-4239-8FE5-EE9E6BBA816D}"
EndProject
Project("{2150E333-8FDC-42A3-9474-1A3956D46DE8}") = "modules", "modules", "{07CAD9A9-A99D-491A-AE20-B65F93764F98}"
	ProjectSection(MonoDevelopProperties) = preProject
		BaseDirectory = modules
	EndProjectSection
EndProject
Project("{FAE04EC0-301F-11D3-BF4B-00C04F79EFBC}") = "RemoteDatabase", "modules\RemoteDatabase\RemoteDatabase.csproj", "{DC567A66-0D48-4D1C-90D5-2A0C0428F985}"
EndProject
Project("{FAE04EC0-301F-11D3-BF4B-00C04F79EFBC}") = "FileDatabase", "modules\FileDatabase\FileDatabase.csproj", "{7D1DCF27-0306-4BC0-8E1F-98029C417367}"
EndProject
Project("{FAE04EC0-301F-11D3-BF4B-00C04F79EFBC}") = "Unturned.Http", "modules\Unturned.Http\Unturned.Http.csproj", "{09A9AA37-2AE4-4862-8B2E-DFCCD82DABFF}"
EndProject
Project("{2150E333-8FDC-42A3-9474-1A3956D46DE8}") = "mods", "mods", "{FFB3627F-AE06-48CB-AFB4-73D88F81A3DE}"
EndProject
Project("{FAE04EC0-301F-11D3-BF4B-00C04F79EFBC}") = "AdminCommands", "mods\AdminCommands\AdminCommands.csproj", "{1CBB2C35-B7EE-4E8D-8F44-655D4C948D65}"
EndProject
Project("{FAE04EC0-301F-11D3-BF4B-00C04F79EFBC}") = "RemoteConsole", "mods\RemoteConsole\RemoteConsole.csproj", "{CBA3BDEC-9170-4875-9B46-655F774E80EF}"
EndProject
Global
	GlobalSection(SolutionConfigurationPlatforms) = preSolution
		Debug|Any CPU = Debug|Any CPU
		Release|Any CPU = Release|Any CPU
	EndGlobalSection
	GlobalSection(ProjectConfigurationPlatforms) = postSolution
		{09A9AA37-2AE4-4862-8B2E-DFCCD82DABFF}.Debug|Any CPU.ActiveCfg = Debug|Any CPU
		{09A9AA37-2AE4-4862-8B2E-DFCCD82DABFF}.Debug|Any CPU.Build.0 = Debug|Any CPU
		{09A9AA37-2AE4-4862-8B2E-DFCCD82DABFF}.Release|Any CPU.ActiveCfg = Release|Any CPU
		{09A9AA37-2AE4-4862-8B2E-DFCCD82DABFF}.Release|Any CPU.Build.0 = Release|Any CPU
		{1CBB2C35-B7EE-4E8D-8F44-655D4C948D65}.Debug|Any CPU.ActiveCfg = Debug|Any CPU
		{1CBB2C35-B7EE-4E8D-8F44-655D4C948D65}.Debug|Any CPU.Build.0 = Debug|Any CPU
		{1CBB2C35-B7EE-4E8D-8F44-655D4C948D65}.Release|Any CPU.ActiveCfg = Release|Any CPU
		{1CBB2C35-B7EE-4E8D-8F44-655D4C948D65}.Release|Any CPU.Build.0 = Release|Any CPU
		{7D1DCF27-0306-4BC0-8E1F-98029C417367}.Debug|Any CPU.ActiveCfg = Debug|Any CPU
		{7D1DCF27-0306-4BC0-8E1F-98029C417367}.Debug|Any CPU.Build.0 = Debug|Any CPU
		{7D1DCF27-0306-4BC0-8E1F-98029C417367}.Release|Any CPU.ActiveCfg = Release|Any CPU
		{7D1DCF27-0306-4BC0-8E1F-98029C417367}.Release|Any CPU.Build.0 = Release|Any CPU
		{CBA3BDEC-9170-4875-9B46-655F774E80EF}.Debug|Any CPU.ActiveCfg = Debug|Any CPU
		{CBA3BDEC-9170-4875-9B46-655F774E80EF}.Debug|Any CPU.Build.0 = Debug|Any CPU
		{CBA3BDEC-9170-4875-9B46-655F774E80EF}.Release|Any CPU.ActiveCfg = Release|Any CPU
		{CBA3BDEC-9170-4875-9B46-655F774E80EF}.Release|Any CPU.Build.0 = Release|Any CPU
		{CF2E2B66-951F-4239-8FE5-EE9E6BBA816D}.Debug|Any CPU.ActiveCfg = Debug|Any CPU
		{CF2E2B66-951F-4239-8FE5-EE9E6BBA816D}.Debug|Any CPU.Build.0 = Debug|Any CPU
		{CF2E2B66-951F-4239-8FE5-EE9E6BBA816D}.Release|Any CPU.ActiveCfg = Release|Any CPU
		{CF2E2B66-951F-4239-8FE5-EE9E6BBA816D}.Release|Any CPU.Build.0 = Release|Any CPU
		{D48B790F-7AF2-4019-812D-0AF1A5140725}.Debug|Any CPU.ActiveCfg = Debug|Any CPU
		{D48B790F-7AF2-4019-812D-0AF1A5140725}.Debug|Any CPU.Build.0 = Debug|Any CPU
		{D48B790F-7AF2-4019-812D-0AF1A5140725}.Release|Any CPU.ActiveCfg = Release|Any CPU
		{D48B790F-7AF2-4019-812D-0AF1A5140725}.Release|Any CPU.Build.0 = Release|Any CPU
		{DC567A66-0D48-4D1C-90D5-2A0C0428F985}.Debug|Any CPU.ActiveCfg = Debug|Any CPU
		{DC567A66-0D48-4D1C-90D5-2A0C0428F985}.Debug|Any CPU.Build.0 = Debug|Any CPU
		{DC567A66-0D48-4D1C-90D5-2A0C0428F985}.Release|Any CPU.ActiveCfg = Release|Any CPU
		{DC567A66-0D48-4D1C-90D5-2A0C0428F985}.Release|Any CPU.Build.0 = Release|Any CPU
	EndGlobalSection
	GlobalSection(NestedProjects) = preSolution
		{DC567A66-0D48-4D1C-90D5-2A0C0428F985} = {07CAD9A9-A99D-491A-AE20-B65F93764F98}
		{7D1DCF27-0306-4BC0-8E1F-98029C417367} = {07CAD9A9-A99D-491A-AE20-B65F93764F98}
		{09A9AA37-2AE4-4862-8B2E-DFCCD82DABFF} = {07CAD9A9-A99D-491A-AE20-B65F93764F98}
		{1CBB2C35-B7EE-4E8D-8F44-655D4C948D65} = {FFB3627F-AE06-48CB-AFB4-73D88F81A3DE}
		{CBA3BDEC-9170-4875-9B46-655F774E80EF} = {FFB3627F-AE06-48CB-AFB4-73D88F81A3DE}
	EndGlobalSection
	GlobalSection(MonoDevelopProperties) = preSolution
		StartupItem = AdminCommands\AdminCommands.csproj
		Policies = $0
		$0.DotNetNamingPolicy = $1
		$1.DirectoryNamespaceAssociation = None
		$1.ResourceNamePolicy = FileFormatDefault
		$0.TextStylePolicy = $2
		$2.FileWidth = 120
		$2.TabsToSpaces = False
		$2.inheritsSet = VisualStudio
		$2.inheritsScope = text/plain
		description = Unturned Game Recode
		version = 1.0
	EndGlobalSection
	GlobalSection(SolutionProperties) = preSolution
		HideSolutionNode = FALSE
	EndGlobalSection
EndGlobal
