
Microsoft Visual Studio Solution File, Format Version 11.00
# Visual Studio 2010
Project("{FAE04EC0-301F-11D3-BF4B-00C04F79EFBC}") = "AdminCommands", "AdminCommands\AdminCommands.csproj", "{1CBB2C35-B7EE-4E8D-8F44-655D4C948D65}"
EndProject
Project("{FAE04EC0-301F-11D3-BF4B-00C04F79EFBC}") = "UnturnedServer", "Assembly-CSharp\UnturnedServer.csproj", "{D48B790F-7AF2-4019-812D-0AF1A5140725}"
EndProject
Project("{FAE04EC0-301F-11D3-BF4B-00C04F79EFBC}") = "UnturnedShared", "UnturnedShared\UnturnedShared.csproj", "{CF2E2B66-951F-4239-8FE5-EE9E6BBA816D}"
EndProject
Project("{2150E333-8FDC-42A3-9474-1A3956D46DE8}") = "modules", "modules", "{07CAD9A9-A99D-491A-AE20-B65F93764F98}"
	ProjectSection(MonoDevelopProperties) = preProject
		BaseDirectory = modules
	EndProjectSection
EndProject
Project("{FAE04EC0-301F-11D3-BF4B-00C04F79EFBC}") = "MySQLDatabase", "DatabaseHelper\MySQLDatabase.csproj", "{6E620797-856E-4E49-9185-81DF99BCEA58}"
EndProject
Project("{FAE04EC0-301F-11D3-BF4B-00C04F79EFBC}") = "RemoteDatabase", "modules\RemoteDatabase\RemoteDatabase.csproj", "{DC567A66-0D48-4D1C-90D5-2A0C0428F985}"
EndProject
Project("{FAE04EC0-301F-11D3-BF4B-00C04F79EFBC}") = "FileDatabase", "modules\FileDatabase\FileDatabase.csproj", "{7D1DCF27-0306-4BC0-8E1F-98029C417367}"
EndProject
Project("{9344BDBB-3E7F-41FC-A0DD-8665D75EE146}") = "Packages", "Packages.mdproj", "{751D9DCA-36BF-4B40-A65B-E53B82F95905}"
EndProject
Global
	GlobalSection(SolutionConfigurationPlatforms) = preSolution
		Debug|Any CPU = Debug|Any CPU
		Release|Any CPU = Release|Any CPU
	EndGlobalSection
	GlobalSection(ProjectConfigurationPlatforms) = postSolution
		{1CBB2C35-B7EE-4E8D-8F44-655D4C948D65}.Debug|Any CPU.ActiveCfg = Debug|Any CPU
		{1CBB2C35-B7EE-4E8D-8F44-655D4C948D65}.Debug|Any CPU.Build.0 = Debug|Any CPU
		{1CBB2C35-B7EE-4E8D-8F44-655D4C948D65}.Release|Any CPU.ActiveCfg = Release|Any CPU
		{1CBB2C35-B7EE-4E8D-8F44-655D4C948D65}.Release|Any CPU.Build.0 = Release|Any CPU
		{6E620797-856E-4E49-9185-81DF99BCEA58}.Debug|Any CPU.ActiveCfg = Debug|Any CPU
		{6E620797-856E-4E49-9185-81DF99BCEA58}.Debug|Any CPU.Build.0 = Debug|Any CPU
		{6E620797-856E-4E49-9185-81DF99BCEA58}.Release|Any CPU.ActiveCfg = Release|Any CPU
		{6E620797-856E-4E49-9185-81DF99BCEA58}.Release|Any CPU.Build.0 = Release|Any CPU
		{751D9DCA-36BF-4B40-A65B-E53B82F95905}.Debug|Any CPU.ActiveCfg = Debug|Any CPU
		{751D9DCA-36BF-4B40-A65B-E53B82F95905}.Release|Any CPU.ActiveCfg = Release|Any CPU
		{7D1DCF27-0306-4BC0-8E1F-98029C417367}.Debug|Any CPU.ActiveCfg = Debug|Any CPU
		{7D1DCF27-0306-4BC0-8E1F-98029C417367}.Debug|Any CPU.Build.0 = Debug|Any CPU
		{7D1DCF27-0306-4BC0-8E1F-98029C417367}.Release|Any CPU.ActiveCfg = Release|Any CPU
		{7D1DCF27-0306-4BC0-8E1F-98029C417367}.Release|Any CPU.Build.0 = Release|Any CPU
		{CF2E2B66-951F-4239-8FE5-EE9E6BBA816D}.Debug|Any CPU.ActiveCfg = Debug|Any CPU
		{CF2E2B66-951F-4239-8FE5-EE9E6BBA816D}.Debug|Any CPU.Build.0 = Debug|Any CPU
		{CF2E2B66-951F-4239-8FE5-EE9E6BBA816D}.Release|Any CPU.ActiveCfg = Release|Any CPU
		{CF2E2B66-951F-4239-8FE5-EE9E6BBA816D}.Release|Any CPU.Build.0 = Release|Any CPU
		{D48B790F-7AF2-4019-812D-0AF1A5140725}.Debug|Any CPU.ActiveCfg = Debug|Any CPU
		{D48B790F-7AF2-4019-812D-0AF1A5140725}.Debug|Any CPU.Build.0 = Debug|Any CPU
		{D48B790F-7AF2-4019-812D-0AF1A5140725}.Release|Any CPU.ActiveCfg = Release|Any CPU
		{D48B790F-7AF2-4019-812D-0AF1A5140725}.Release|Any CPU.Build.0 = Release|Any CPU
		{DC567A66-0D48-4D1C-90D5-2A0C0428F985}.Debug|Any CPU.ActiveCfg = Debug|Any CPU
		{DC567A66-0D48-4D1C-90D5-2A0C0428F985}.Debug|Any CPU.Build.0 = Debug|Any CPU
		{DC567A66-0D48-4D1C-90D5-2A0C0428F985}.Release|Any CPU.ActiveCfg = Release|Any CPU
		{DC567A66-0D48-4D1C-90D5-2A0C0428F985}.Release|Any CPU.Build.0 = Release|Any CPU
	EndGlobalSection
	GlobalSection(NestedProjects) = preSolution
		{6E620797-856E-4E49-9185-81DF99BCEA58} = {07CAD9A9-A99D-491A-AE20-B65F93764F98}
		{DC567A66-0D48-4D1C-90D5-2A0C0428F985} = {07CAD9A9-A99D-491A-AE20-B65F93764F98}
		{7D1DCF27-0306-4BC0-8E1F-98029C417367} = {07CAD9A9-A99D-491A-AE20-B65F93764F98}
	EndGlobalSection
	GlobalSection(MonoDevelopProperties) = preSolution
		Policies = $0
		$0.DotNetNamingPolicy = $1
		$1.DirectoryNamespaceAssociation = None
		$1.ResourceNamePolicy = FileFormatDefault
		$0.TextStylePolicy = $2
		$2.inheritsSet = VisualStudio
		$2.inheritsScope = text/plain
		$2.scope = text/x-csharp
		$0.CSharpFormattingPolicy = $3
		$3.IndentSwitchBody = True
		$3.AnonymousMethodBraceStyle = NextLine
		$3.PropertyBraceStyle = NextLine
		$3.PropertyGetBraceStyle = NextLine
		$3.PropertySetBraceStyle = NextLine
		$3.EventBraceStyle = NextLine
		$3.EventAddBraceStyle = NextLine
		$3.EventRemoveBraceStyle = NextLine
		$3.StatementBraceStyle = NextLine
		$3.ElseNewLinePlacement = NewLine
		$3.CatchNewLinePlacement = NewLine
		$3.FinallyNewLinePlacement = NewLine
		$3.WhileNewLinePlacement = DoNotCare
		$3.ArrayInitializerWrapping = DoNotChange
		$3.ArrayInitializerBraceStyle = NextLine
		$3.BeforeMethodDeclarationParentheses = False
		$3.BeforeMethodCallParentheses = False
		$3.BeforeConstructorDeclarationParentheses = False
		$3.BeforeDelegateDeclarationParentheses = False
		$3.NewParentheses = False
		$3.SpacesBeforeBrackets = False
		$3.inheritsSet = Mono
		$3.inheritsScope = text/x-csharp
		$3.scope = text/x-csharp
		$0.TextStylePolicy = $4
		$4.inheritsSet = VisualStudio
		$4.inheritsScope = text/plain
		$4.scope = text/plain
		$0.StandardHeader = $5
		$5.Text = @\n Author:\n   ${AuthorName} ${AuthorEmail}\n\n Copyright (c) ${Year}, ${CopyrightHolder}\n\n All rights reserved.\n\n Redistribution and use in source and binary forms, with or without modification, are permitted provided that the following conditions are met:\n\n    * Redistributions of source code must retain the above copyright notice, this list of conditions and the following disclaimer.\n    * Redistributions in binary form must reproduce the above copyright notice, this list of conditions and the following disclaimer in\n      the documentation and/or other materials provided with the distribution.\n    * Neither the name of the [ORGANIZATION] nor the names of its contributors may be used to endorse or promote products derived from this software without specific prior written permission.\n\n THIS SOFTWARE IS PROVIDED BY THE COPYRIGHT HOLDERS AND CONTRIBUTORS\n "AS IS" AND ANY EXPRESS OR IMPLIED WARRANTIES, INCLUDING, BUT NOT\n LIMITED TO, THE IMPLIED WARRANTIES OF MERCHANTABILITY AND FITNESS FOR\n A PARTICULAR PURPOSE ARE DISCLAIMED. IN NO EVENT SHALL THE COPYRIGHT OWNER OR\n CONTRIBUTORS BE LIABLE FOR ANY DIRECT, INDIRECT, INCIDENTAL, SPECIAL,\n EXEMPLARY, OR CONSEQUENTIAL DAMAGES (INCLUDING, BUT NOT LIMITED TO,\n PROCUREMENT OF SUBSTITUTE GOODS OR SERVICES; LOSS OF USE, DATA, OR\n PROFITS; OR BUSINESS INTERRUPTION) HOWEVER CAUSED AND ON ANY THEORY OF\n LIABILITY, WHETHER IN CONTRACT, STRICT LIABILITY, OR TORT (INCLUDING\n NEGLIGENCE OR OTHERWISE) ARISING IN ANY WAY OUT OF THE USE OF THIS\n SOFTWARE, EVEN IF ADVISED OF THE POSSIBILITY OF SUCH DAMAGE.\n
		$5.IncludeInNewFiles = True
		$0.VersionControlPolicy = $6
		$6.inheritsSet = Mono
		$0.ChangeLogPolicy = $7
		$7.UpdateMode = None
		$7.MessageStyle = $8
		$8.LineAlign = 0
		$7.inheritsSet = Mono
		$0.NameConventionPolicy = $9
		$9.Rules = $10
		$10.NamingRule = $11
		$11.Name = Namespaces
		$11.AffectedEntity = Namespace
		$11.VisibilityMask = VisibilityMask
		$11.NamingStyle = PascalCase
		$11.IncludeInstanceMembers = True
		$11.IncludeStaticEntities = True
		$10.NamingRule = $12
		$12.Name = Types
		$12.AffectedEntity = Class, Struct, Enum, Delegate
		$12.VisibilityMask = VisibilityMask
		$12.NamingStyle = PascalCase
		$12.IncludeInstanceMembers = True
		$12.IncludeStaticEntities = True
		$10.NamingRule = $13
		$13.Name = Interfaces
		$13.RequiredPrefixes = $14
		$14.String = I
		$13.AffectedEntity = Interface
		$13.VisibilityMask = VisibilityMask
		$13.NamingStyle = PascalCase
		$13.IncludeInstanceMembers = True
		$13.IncludeStaticEntities = True
		$10.NamingRule = $15
		$15.Name = Attributes
		$15.RequiredSuffixes = $16
		$16.String = Attribute
		$15.AffectedEntity = CustomAttributes
		$15.VisibilityMask = VisibilityMask
		$15.NamingStyle = PascalCase
		$15.IncludeInstanceMembers = True
		$15.IncludeStaticEntities = True
		$10.NamingRule = $17
		$17.Name = Event Arguments
		$17.RequiredSuffixes = $18
		$18.String = EventArgs
		$17.AffectedEntity = CustomEventArgs
		$17.VisibilityMask = VisibilityMask
		$17.NamingStyle = PascalCase
		$17.IncludeInstanceMembers = True
		$17.IncludeStaticEntities = True
		$10.NamingRule = $19
		$19.Name = Exceptions
		$19.RequiredSuffixes = $20
		$20.String = Exception
		$19.AffectedEntity = CustomExceptions
		$19.VisibilityMask = VisibilityMask
		$19.NamingStyle = PascalCase
		$19.IncludeInstanceMembers = True
		$19.IncludeStaticEntities = True
		$10.NamingRule = $21
		$21.Name = Methods
		$21.AffectedEntity = Methods
		$21.VisibilityMask = VisibilityMask
		$21.NamingStyle = PascalCase
		$21.IncludeInstanceMembers = True
		$21.IncludeStaticEntities = True
		$10.NamingRule = $22
		$22.Name = Static Readonly Fields
		$22.AffectedEntity = ReadonlyField
		$22.VisibilityMask = Internal, Protected, Public
		$22.NamingStyle = PascalCase
		$22.IncludeInstanceMembers = False
		$22.IncludeStaticEntities = True
		$10.NamingRule = $23
		$23.Name = Fields (Non Private)
		$23.AffectedEntity = Field
		$23.VisibilityMask = Internal, Protected, Public
		$23.NamingStyle = PascalCase
		$23.IncludeInstanceMembers = True
		$23.IncludeStaticEntities = True
		$10.NamingRule = $24
		$24.Name = ReadOnly Fields (Non Private)
		$24.AffectedEntity = ReadonlyField
		$24.VisibilityMask = Internal, Protected, Public
		$24.NamingStyle = PascalCase
		$24.IncludeInstanceMembers = True
		$24.IncludeStaticEntities = False
		$10.NamingRule = $25
		$25.Name = Fields (Private)
		$25.AllowedPrefixes = $26
		$26.String = _
		$26.String = m_
		$25.AffectedEntity = Field, ReadonlyField
		$25.VisibilityMask = Private
		$25.NamingStyle = CamelCase
		$25.IncludeInstanceMembers = True
		$25.IncludeStaticEntities = False
		$10.NamingRule = $27
		$27.Name = Static Fields (Private)
		$27.AffectedEntity = Field
		$27.VisibilityMask = Private
		$27.NamingStyle = CamelCase
		$27.IncludeInstanceMembers = False
		$27.IncludeStaticEntities = True
		$10.NamingRule = $28
		$28.Name = ReadOnly Fields (Private)
		$28.AllowedPrefixes = $29
		$29.String = _
		$29.String = m_
		$28.AffectedEntity = ReadonlyField
		$28.VisibilityMask = Private
		$28.NamingStyle = CamelCase
		$28.IncludeInstanceMembers = True
		$28.IncludeStaticEntities = False
		$10.NamingRule = $30
		$30.Name = Constant Fields
		$30.AffectedEntity = ConstantField
		$30.VisibilityMask = VisibilityMask
		$30.NamingStyle = PascalCase
		$30.IncludeInstanceMembers = True
		$30.IncludeStaticEntities = True
		$10.NamingRule = $31
		$31.Name = Properties
		$31.AffectedEntity = Property
		$31.VisibilityMask = VisibilityMask
		$31.NamingStyle = PascalCase
		$31.IncludeInstanceMembers = True
		$31.IncludeStaticEntities = True
		$10.NamingRule = $32
		$32.Name = Events
		$32.AffectedEntity = Event
		$32.VisibilityMask = VisibilityMask
		$32.NamingStyle = PascalCase
		$32.IncludeInstanceMembers = True
		$32.IncludeStaticEntities = True
		$10.NamingRule = $33
		$33.Name = Enum Members
		$33.AffectedEntity = EnumMember
		$33.VisibilityMask = VisibilityMask
		$33.NamingStyle = PascalCase
		$33.IncludeInstanceMembers = True
		$33.IncludeStaticEntities = True
		$10.NamingRule = $34
		$34.Name = Parameters
		$34.AffectedEntity = Parameter
		$34.VisibilityMask = VisibilityMask
		$34.NamingStyle = CamelCase
		$34.IncludeInstanceMembers = True
		$34.IncludeStaticEntities = True
		$10.NamingRule = $35
		$35.Name = Type Parameters
		$35.RequiredPrefixes = $36
		$36.String = T
		$35.AffectedEntity = TypeParameter
		$35.VisibilityMask = VisibilityMask
		$35.NamingStyle = PascalCase
		$35.IncludeInstanceMembers = True
		$35.IncludeStaticEntities = True
		description = Unturned Game Recode
		version = 1.0
	EndGlobalSection
	GlobalSection(SolutionProperties) = preSolution
		HideSolutionNode = FALSE
	EndGlobalSection
EndGlobal
